
Microsoft Visual Studio Solution File, Format Version 12.00
# Visual Studio Version 17
VisualStudioVersion = 17.13.35913.81 d17.13
MinimumVisualStudioVersion = 10.0.40219.1
Project("{FAE04EC0-301F-11D3-BF4B-00C04F79EFBC}") = "modul7_kelompok_8", "modul7_kelompok_8\modul7_kelompok_8.csproj", "{D5EBBEE9-04F3-49AD-9281-B1BE1C49DF06}"
EndProject
Global
	GlobalSection(SolutionConfigurationPlatforms) = preSolution
		Debug|Any CPU = Debug|Any CPU
		Release|Any CPU = Release|Any CPU
	EndGlobalSection
	GlobalSection(ProjectConfigurationPlatforms) = postSolution
		{D5EBBEE9-04F3-49AD-9281-B1BE1C49DF06}.Debug|Any CPU.ActiveCfg = Debug|Any CPU
		{D5EBBEE9-04F3-49AD-9281-B1BE1C49DF06}.Debug|Any CPU.Build.0 = Debug|Any CPU
		{D5EBBEE9-04F3-49AD-9281-B1BE1C49DF06}.Release|Any CPU.ActiveCfg = Release|Any CPU
		{D5EBBEE9-04F3-49AD-9281-B1BE1C49DF06}.Release|Any CPU.Build.0 = Release|Any CPU
	EndGlobalSection
	GlobalSection(SolutionProperties) = preSolution
		HideSolutionNode = FALSE
	EndGlobalSection
	GlobalSection(ExtensibilityGlobals) = postSolution
		SolutionGuid = {58CFF4F7-A454-467B-B29B-67CC5B4B6308}
	EndGlobalSection
EndGlobal
